
Microsoft Visual Studio Solution File, Format Version 12.00
# Visual Studio Version 16
VisualStudioVersion = 16.0.31613.86
MinimumVisualStudioVersion = 10.0.40219.1
Project("{FAE04EC0-301F-11D3-BF4B-00C04F79EFBC}") = "ConsoleApp1_pattern_byhalfdec", "ConsoleApp1_pattern_byhalfdec\ConsoleApp1_pattern_byhalfdec.csproj", "{D08AD54B-CAEC-4DD2-A2AD-CC1E433E54F2}"
EndProject
Global
	GlobalSection(SolutionConfigurationPlatforms) = preSolution
		Debug|Any CPU = Debug|Any CPU
		Release|Any CPU = Release|Any CPU
	EndGlobalSection
	GlobalSection(ProjectConfigurationPlatforms) = postSolution
		{D08AD54B-CAEC-4DD2-A2AD-CC1E433E54F2}.Debug|Any CPU.ActiveCfg = Debug|Any CPU
		{D08AD54B-CAEC-4DD2-A2AD-CC1E433E54F2}.Debug|Any CPU.Build.0 = Debug|Any CPU
		{D08AD54B-CAEC-4DD2-A2AD-CC1E433E54F2}.Release|Any CPU.ActiveCfg = Release|Any CPU
		{D08AD54B-CAEC-4DD2-A2AD-CC1E433E54F2}.Release|Any CPU.Build.0 = Release|Any CPU
	EndGlobalSection
	GlobalSection(SolutionProperties) = preSolution
		HideSolutionNode = FALSE
	EndGlobalSection
	GlobalSection(ExtensibilityGlobals) = postSolution
		SolutionGuid = {93418047-8002-4FA8-AC53-A5016002D8E5}
	EndGlobalSection
EndGlobal
